
Microsoft Visual Studio Solution File, Format Version 12.00
# Visual Studio Version 17
VisualStudioVersion = 17.8.34330.188
MinimumVisualStudioVersion = 10.0.40219.1
Project("{FAE04EC0-301F-11D3-BF4B-00C04F79EFBC}") = "AMPM-ProductInventory", "AMPM-ProductInventory\AMPM-ProductInventory.csproj", "{D77527B5-BBB4-41D3-8EA9-EFE330B46C04}"
EndProject
Global
	GlobalSection(SolutionConfigurationPlatforms) = preSolution
		Debug|Any CPU = Debug|Any CPU
		Release|Any CPU = Release|Any CPU
	EndGlobalSection
	GlobalSection(ProjectConfigurationPlatforms) = postSolution
		{D77527B5-BBB4-41D3-8EA9-EFE330B46C04}.Debug|Any CPU.ActiveCfg = Debug|Any CPU
		{D77527B5-BBB4-41D3-8EA9-EFE330B46C04}.Debug|Any CPU.Build.0 = Debug|Any CPU
		{D77527B5-BBB4-41D3-8EA9-EFE330B46C04}.Release|Any CPU.ActiveCfg = Release|Any CPU
		{D77527B5-BBB4-41D3-8EA9-EFE330B46C04}.Release|Any CPU.Build.0 = Release|Any CPU
	EndGlobalSection
	GlobalSection(SolutionProperties) = preSolution
		HideSolutionNode = FALSE
	EndGlobalSection
	GlobalSection(ExtensibilityGlobals) = postSolution
		SolutionGuid = {C850DFFE-E0C9-4759-87E9-E8251232642F}
	EndGlobalSection
EndGlobal
